
Microsoft Visual Studio Solution File, Format Version 12.00
# Visual Studio Version 17
VisualStudioVersion = 17.0.31903.59
MinimumVisualStudioVersion = 10.0.40219.1
Project("{FAE04EC0-301F-11D3-BF4B-00C04F79EFBC}") = "IntCollections", "IntCollections\IntCollections.csproj", "{A8E04747-B73F-4C06-A7E7-BF0C1F211BEA}"
EndProject
Project("{FAE04EC0-301F-11D3-BF4B-00C04F79EFBC}") = "EqualPlayer", "EqualPlayer\EqualPlayer.csproj", "{2062CEC1-3FE2-4BFB-B697-9186D9D2E786}"
EndProject
Project("{FAE04EC0-301F-11D3-BF4B-00C04F79EFBC}") = "FilePower1", "FilePower1\FilePower1.csproj", "{BD3CC088-6A2C-4E1B-BD8C-093757F9445F}"
EndProject
Global
	GlobalSection(SolutionConfigurationPlatforms) = preSolution
		Debug|Any CPU = Debug|Any CPU
		Debug|x64 = Debug|x64
		Debug|x86 = Debug|x86
		Release|Any CPU = Release|Any CPU
		Release|x64 = Release|x64
		Release|x86 = Release|x86
	EndGlobalSection
	GlobalSection(ProjectConfigurationPlatforms) = postSolution
		{A8E04747-B73F-4C06-A7E7-BF0C1F211BEA}.Debug|Any CPU.ActiveCfg = Debug|Any CPU
		{A8E04747-B73F-4C06-A7E7-BF0C1F211BEA}.Debug|Any CPU.Build.0 = Debug|Any CPU
		{A8E04747-B73F-4C06-A7E7-BF0C1F211BEA}.Debug|x64.ActiveCfg = Debug|Any CPU
		{A8E04747-B73F-4C06-A7E7-BF0C1F211BEA}.Debug|x64.Build.0 = Debug|Any CPU
		{A8E04747-B73F-4C06-A7E7-BF0C1F211BEA}.Debug|x86.ActiveCfg = Debug|Any CPU
		{A8E04747-B73F-4C06-A7E7-BF0C1F211BEA}.Debug|x86.Build.0 = Debug|Any CPU
		{A8E04747-B73F-4C06-A7E7-BF0C1F211BEA}.Release|Any CPU.ActiveCfg = Release|Any CPU
		{A8E04747-B73F-4C06-A7E7-BF0C1F211BEA}.Release|Any CPU.Build.0 = Release|Any CPU
		{A8E04747-B73F-4C06-A7E7-BF0C1F211BEA}.Release|x64.ActiveCfg = Release|Any CPU
		{A8E04747-B73F-4C06-A7E7-BF0C1F211BEA}.Release|x64.Build.0 = Release|Any CPU
		{A8E04747-B73F-4C06-A7E7-BF0C1F211BEA}.Release|x86.ActiveCfg = Release|Any CPU
		{A8E04747-B73F-4C06-A7E7-BF0C1F211BEA}.Release|x86.Build.0 = Release|Any CPU
		{2062CEC1-3FE2-4BFB-B697-9186D9D2E786}.Debug|Any CPU.ActiveCfg = Debug|Any CPU
		{2062CEC1-3FE2-4BFB-B697-9186D9D2E786}.Debug|Any CPU.Build.0 = Debug|Any CPU
		{2062CEC1-3FE2-4BFB-B697-9186D9D2E786}.Debug|x64.ActiveCfg = Debug|Any CPU
		{2062CEC1-3FE2-4BFB-B697-9186D9D2E786}.Debug|x64.Build.0 = Debug|Any CPU
		{2062CEC1-3FE2-4BFB-B697-9186D9D2E786}.Debug|x86.ActiveCfg = Debug|Any CPU
		{2062CEC1-3FE2-4BFB-B697-9186D9D2E786}.Debug|x86.Build.0 = Debug|Any CPU
		{2062CEC1-3FE2-4BFB-B697-9186D9D2E786}.Release|Any CPU.ActiveCfg = Release|Any CPU
		{2062CEC1-3FE2-4BFB-B697-9186D9D2E786}.Release|Any CPU.Build.0 = Release|Any CPU
		{2062CEC1-3FE2-4BFB-B697-9186D9D2E786}.Release|x64.ActiveCfg = Release|Any CPU
		{2062CEC1-3FE2-4BFB-B697-9186D9D2E786}.Release|x64.Build.0 = Release|Any CPU
		{2062CEC1-3FE2-4BFB-B697-9186D9D2E786}.Release|x86.ActiveCfg = Release|Any CPU
		{2062CEC1-3FE2-4BFB-B697-9186D9D2E786}.Release|x86.Build.0 = Release|Any CPU
		{BD3CC088-6A2C-4E1B-BD8C-093757F9445F}.Debug|Any CPU.ActiveCfg = Debug|Any CPU
		{BD3CC088-6A2C-4E1B-BD8C-093757F9445F}.Debug|Any CPU.Build.0 = Debug|Any CPU
		{BD3CC088-6A2C-4E1B-BD8C-093757F9445F}.Debug|x64.ActiveCfg = Debug|Any CPU
		{BD3CC088-6A2C-4E1B-BD8C-093757F9445F}.Debug|x64.Build.0 = Debug|Any CPU
		{BD3CC088-6A2C-4E1B-BD8C-093757F9445F}.Debug|x86.ActiveCfg = Debug|Any CPU
		{BD3CC088-6A2C-4E1B-BD8C-093757F9445F}.Debug|x86.Build.0 = Debug|Any CPU
		{BD3CC088-6A2C-4E1B-BD8C-093757F9445F}.Release|Any CPU.ActiveCfg = Release|Any CPU
		{BD3CC088-6A2C-4E1B-BD8C-093757F9445F}.Release|Any CPU.Build.0 = Release|Any CPU
		{BD3CC088-6A2C-4E1B-BD8C-093757F9445F}.Release|x64.ActiveCfg = Release|Any CPU
		{BD3CC088-6A2C-4E1B-BD8C-093757F9445F}.Release|x64.Build.0 = Release|Any CPU
		{BD3CC088-6A2C-4E1B-BD8C-093757F9445F}.Release|x86.ActiveCfg = Release|Any CPU
		{BD3CC088-6A2C-4E1B-BD8C-093757F9445F}.Release|x86.Build.0 = Release|Any CPU
	EndGlobalSection
	GlobalSection(SolutionProperties) = preSolution
		HideSolutionNode = FALSE
	EndGlobalSection
EndGlobal
